// !$*UTF8*$!
{
	archiveVersion = 1;
	classes = {
	};
	objectVersion = 52;
	objects = {

/* Begin PBXBuildFile section */
		95F87BD924D2BD89000CF583 /* CoreConceptsCustomModifiersApp.swift in Sources */ = {isa = PBXBuildFile; fileRef = 95F87BD824D2BD89000CF583 /* CoreConceptsCustomModifiersApp.swift */; };
		95F87BDB24D2BD89000CF583 /* ContentView.swift in Sources */ = {isa = PBXBuildFile; fileRef = 95F87BDA24D2BD89000CF583 /* ContentView.swift */; };
		95F87BDD24D2BD8B000CF583 /* Assets.xcassets in Resources */ = {isa = PBXBuildFile; fileRef = 95F87BDC24D2BD8B000CF583 /* Assets.xcassets */; };
		95F87BE024D2BD8B000CF583 /* Preview Assets.xcassets in Resources */ = {isa = PBXBuildFile; fileRef = 95F87BDF24D2BD8B000CF583 /* Preview Assets.xcassets */; };
		95F87BE924D2BDD8000CF583 /* PureSwiftUI in Frameworks */ = {isa = PBXBuildFile; productRef = 95F87BE824D2BDD8000CF583 /* PureSwiftUI */; };
/* End PBXBuildFile section */

/* Begin PBXFileReference section */
		95F87BD524D2BD89000CF583 /* CoreConceptsCustomModifiers.app */ = {isa = PBXFileReference; explicitFileType = wrapper.application; includeInIndex = 0; path = CoreConceptsCustomModifiers.app; sourceTree = BUILT_PRODUCTS_DIR; };
		95F87BD824D2BD89000CF583 /* CoreConceptsCustomModifiersApp.swift */ = {isa = PBXFileReference; lastKnownFileType = sourcecode.swift; path = CoreConceptsCustomModifiersApp.swift; sourceTree = "<group>"; };
		95F87BDA24D2BD89000CF583 /* ContentView.swift */ = {isa = PBXFileReference; lastKnownFileType = sourcecode.swift; path = ContentView.swift; sourceTree = "<group>"; };
		95F87BDC24D2BD8B000CF583 /* Assets.xcassets */ = {isa = PBXFileReference; lastKnownFileType = folder.assetcatalog; path = Assets.xcassets; sourceTree = "<group>"; };
		95F87BDF24D2BD8B000CF583 /* Preview Assets.xcassets */ = {isa = PBXFileReference; lastKnownFileType = folder.assetcatalog; path = "Preview Assets.xcassets"; sourceTree = "<group>"; };
		95F87BE124D2BD8B000CF583 /* Info.plist */ = {isa = PBXFileReference; lastKnownFileType = text.plist.xml; path = Info.plist; sourceTree = "<group>"; };
/* End PBXFileReference section */

/* Begin PBXFrameworksBuildPhase section */
		95F87BD224D2BD89000CF583 /* Frameworks */ = {
			isa = PBXFrameworksBuildPhase;
			buildActionMask = 2147483647;
			files = (
				95F87BE924D2BDD8000CF583 /* PureSwiftUI in Frameworks */,
			);
			runOnlyForDeploymentPostprocessing = 0;
		};
/* End PBXFrameworksBuildPhase section */

/* Begin PBXGroup section */
		95F87BCC24D2BD89000CF583 = {
			isa = PBXGroup;
			children = (
				95F87BD724D2BD89000CF583 /* CoreConceptsCustomModifiers */,
				95F87BD624D2BD89000CF583 /* Products */,
			);
			sourceTree = "<group>";
		};
		95F87BD624D2BD89000CF583 /* Products */ = {
			isa = PBXGroup;
			children = (
				95F87BD524D2BD89000CF583 /* CoreConceptsCustomModifiers.app */,
			);
			name = Products;
			sourceTree = "<group>";
		};
		95F87BD724D2BD89000CF583 /* CoreConceptsCustomModifiers */ = {
			isa = PBXGroup;
			children = (
				95F87BD824D2BD89000CF583 /* CoreConceptsCustomModifiersApp.swift */,
				95F87BDA24D2BD89000CF583 /* ContentView.swift */,
				95F87BDC24D2BD8B000CF583 /* Assets.xcassets */,
				95F87BE124D2BD8B000CF583 /* Info.plist */,
				95F87BDE24D2BD8B000CF583 /* Preview Content */,
			);
			path = CoreConceptsCustomModifiers;
			sourceTree = "<group>";
		};
		95F87BDE24D2BD8B000CF583 /* Preview Content */ = {
			isa = PBXGroup;
			children = (
				95F87BDF24D2BD8B000CF583 /* Preview Assets.xcassets */,
			);
			path = "Preview Content";
			sourceTree = "<group>";
		};
/* End PBXGroup section */

/* Begin PBXNativeTarget section */
		95F87BD424D2BD89000CF583 /* CoreConceptsCustomModifiers */ = {
			isa = PBXNativeTarget;
			buildConfigurationList = 95F87BE424D2BD8B000CF583 /* Build configuration list for PBXNativeTarget "CoreConceptsCustomModifiers" */;
			buildPhases = (
				95F87BD124D2BD89000CF583 /* Sources */,
				95F87BD224D2BD89000CF583 /* Frameworks */,
				95F87BD324D2BD89000CF583 /* Resources */,
			);
			buildRules = (
			);
			dependencies = (
			);
			name = CoreConceptsCustomModifiers;
			packageProductDependencies = (
				95F87BE824D2BDD8000CF583 /* PureSwiftUI */,
			);
			productName = CoreConceptsCustomModifiers;
			productReference = 95F87BD524D2BD89000CF583 /* CoreConceptsCustomModifiers.app */;
			productType = "com.apple.product-type.application";
		};
/* End PBXNativeTarget section */

/* Begin PBXProject section */
		95F87BCD24D2BD89000CF583 /* Project object */ = {
			isa = PBXProject;
			attributes = {
				LastSwiftUpdateCheck = 1200;
				LastUpgradeCheck = 1200;
				TargetAttributes = {
					95F87BD424D2BD89000CF583 = {
						CreatedOnToolsVersion = 12.0;
					};
				};
			};
			buildConfigurationList = 95F87BD024D2BD89000CF583 /* Build configuration list for PBXProject "CoreConceptsCustomModifiers" */;
			compatibilityVersion = "Xcode 9.3";
			developmentRegion = en;
			hasScannedForEncodings = 0;
			knownRegions = (
				en,
				Base,
			);
			mainGroup = 95F87BCC24D2BD89000CF583;
			packageReferences = (
				95F87BE724D2BDD8000CF583 /* XCRemoteSwiftPackageReference "pure-swift-ui" */,
			);
			productRefGroup = 95F87BD624D2BD89000CF583 /* Products */;
			projectDirPath = "";
			projectRoot = "";
			targets = (
				95F87BD424D2BD89000CF583 /* CoreConceptsCustomModifiers */,
			);
		};
/* End PBXProject section */

/* Begin PBXResourcesBuildPhase section */
		95F87BD324D2BD89000CF583 /* Resources */ = {
			isa = PBXResourcesBuildPhase;
			buildActionMask = 2147483647;
			files = (
				95F87BE024D2BD8B000CF583 /* Preview Assets.xcassets in Resources */,
				95F87BDD24D2BD8B000CF583 /* Assets.xcassets in Resources */,
			);
			runOnlyForDeploymentPostprocessing = 0;
		};
/* End PBXResourcesBuildPhase section */

/* Begin PBXSourcesBuildPhase section */
		95F87BD124D2BD89000CF583 /* Sources */ = {
			isa = PBXSourcesBuildPhase;
			buildActionMask = 2147483647;
			files = (
				95F87BDB24D2BD89000CF583 /* ContentView.swift in Sources */,
				95F87BD924D2BD89000CF583 /* CoreConceptsCustomModifiersApp.swift in Sources */,
			);
			runOnlyForDeploymentPostprocessing = 0;
		};
/* End PBXSourcesBuildPhase section */

/* Begin XCBuildConfiguration section */
		95F87BE224D2BD8B000CF583 /* Debug */ = {
			isa = XCBuildConfiguration;
			buildSettings = {
				ALWAYS_SEARCH_USER_PATHS = NO;
				CLANG_ANALYZER_NONNULL = YES;
				CLANG_ANALYZER_NUMBER_OBJECT_CONVERSION = YES_AGGRESSIVE;
				CLANG_CXX_LANGUAGE_STANDARD = "gnu++14";
				CLANG_CXX_LIBRARY = "libc++";
				CLANG_ENABLE_MODULES = YES;
				CLANG_ENABLE_OBJC_ARC = YES;
				CLANG_ENABLE_OBJC_WEAK = YES;
				CLANG_WARN_BLOCK_CAPTURE_AUTORELEASING = YES;
				CLANG_WARN_BOOL_CONVERSION = YES;
				CLANG_WARN_COMMA = YES;
				CLANG_WARN_CONSTANT_CONVERSION = YES;
				CLANG_WARN_DEPRECATED_OBJC_IMPLEMENTATIONS = YES;
				CLANG_WARN_DIRECT_OBJC_ISA_USAGE = YES_ERROR;
				CLANG_WARN_DOCUMENTATION_COMMENTS = YES;
				CLANG_WARN_EMPTY_BODY = YES;
				CLANG_WARN_ENUM_CONVERSION = YES;
				CLANG_WARN_INFINITE_RECURSION = YES;
				CLANG_WARN_INT_CONVERSION = YES;
				CLANG_WARN_NON_LITERAL_NULL_CONVERSION = YES;
				CLANG_WARN_OBJC_IMPLICIT_RETAIN_SELF = YES;
				CLANG_WARN_OBJC_LITERAL_CONVERSION = YES;
				CLANG_WARN_OBJC_ROOT_CLASS = YES_ERROR;
				CLANG_WARN_QUOTED_INCLUDE_IN_FRAMEWORK_HEADER = YES;
				CLANG_WARN_RANGE_LOOP_ANALYSIS = YES;
				CLANG_WARN_STRICT_PROTOTYPES = YES;
				CLANG_WARN_SUSPICIOUS_MOVE = YES;
				CLANG_WARN_UNGUARDED_AVAILABILITY = YES_AGGRESSIVE;
				CLANG_WARN_UNREACHABLE_CODE = YES;
				CLANG_WARN__DUPLICATE_METHOD_MATCH = YES;
				COPY_PHASE_STRIP = NO;
				DEBUG_INFORMATION_FORMAT = dwarf;
				ENABLE_STRICT_OBJC_MSGSEND = YES;
				ENABLE_TESTABILITY = YES;
				GCC_C_LANGUAGE_STANDARD = gnu11;
				GCC_DYNAMIC_NO_PIC = NO;
				GCC_NO_COMMON_BLOCKS = YES;
				GCC_OPTIMIZATION_LEVEL = 0;
				GCC_PREPROCESSOR_DEFINITIONS = (
					"DEBUG=1",
					"$(inherited)",
				);
				GCC_WARN_64_TO_32_BIT_CONVERSION = YES;
				GCC_WARN_ABOUT_RETURN_TYPE = YES_ERROR;
				GCC_WARN_UNDECLARED_SELECTOR = YES;
				GCC_WARN_UNINITIALIZED_AUTOS = YES_AGGRESSIVE;
				GCC_WARN_UNUSED_FUNCTION = YES;
				GCC_WARN_UNUSED_VARIABLE = YES;
				IPHONEOS_DEPLOYMENT_TARGET = 14.0;
				MTL_ENABLE_DEBUG_INFO = INCLUDE_SOURCE;
				MTL_FAST_MATH = YES;
				ONLY_ACTIVE_ARCH = YES;
				SDKROOT = iphoneos;
				SWIFT_ACTIVE_COMPILATION_CONDITIONS = DEBUG;
				SWIFT_OPTIMIZATION_LEVEL = "-Onone";
			};
			name = Debug;
		};
		95F87BE324D2BD8B000CF583 /* Release */ = {
			isa = XCBuildConfiguration;
			buildSettings = {
				ALWAYS_SEARCH_USER_PATHS = NO;
				CLANG_ANALYZER_NONNULL = YES;
				CLANG_ANALYZER_NUMBER_OBJECT_CONVERSION = YES_AGGRESSIVE;
				CLANG_CXX_LANGUAGE_STANDARD = "gnu++14";
				CLANG_CXX_LIBRARY = "libc++";
				CLANG_ENABLE_MODULES = YES;
				CLANG_ENABLE_OBJC_ARC = YES;
				CLANG_ENABLE_OBJC_WEAK = YES;
				CLANG_WARN_BLOCK_CAPTURE_AUTORELEASING = YES;
				CLANG_WARN_BOOL_CONVERSION = YES;
				CLANG_WARN_COMMA = YES;
				CLANG_WARN_CONSTANT_CONVERSION = YES;
				CLANG_WARN_DEPRECATED_OBJC_IMPLEMENTATIONS = YES;
				CLANG_WARN_DIRECT_OBJC_ISA_USAGE = YES_ERROR;
				CLANG_WARN_DOCUMENTATION_COMMENTS = YES;
				CLANG_WARN_EMPTY_BODY = YES;
				CLANG_WARN_ENUM_CONVERSION = YES;
				CLANG_WARN_INFINITE_RECURSION = YES;
				CLANG_WARN_INT_CONVERSION = YES;
				CLANG_WARN_NON_LITERAL_NULL_CONVERSION = YES;
				CLANG_WARN_OBJC_IMPLICIT_RETAIN_SELF = YES;
				CLANG_WARN_OBJC_LITERAL_CONVERSION = YES;
				CLANG_WARN_OBJC_ROOT_CLASS = YES_ERROR;
				CLANG_WARN_QUOTED_INCLUDE_IN_FRAMEWORK_HEADER = YES;
				CLANG_WARN_RANGE_LOOP_ANALYSIS = YES;
				CLANG_WARN_STRICT_PROTOTYPES = YES;
				CLANG_WARN_SUSPICIOUS_MOVE = YES;
				CLANG_WARN_UNGUARDED_AVAILABILITY = YES_AGGRESSIVE;
				CLANG_WARN_UNREACHABLE_CODE = YES;
				CLANG_WARN__DUPLICATE_METHOD_MATCH = YES;
				COPY_PHASE_STRIP = NO;
				DEBUG_INFORMATION_FORMAT = "dwarf-with-dsym";
				ENABLE_NS_ASSERTIONS = NO;
				ENABLE_STRICT_OBJC_MSGSEND = YES;
				GCC_C_LANGUAGE_STANDARD = gnu11;
				GCC_NO_COMMON_BLOCKS = YES;
				GCC_WARN_64_TO_32_BIT_CONVERSION = YES;
				GCC_WARN_ABOUT_RETURN_TYPE = YES_ERROR;
				GCC_WARN_UNDECLARED_SELECTOR = YES;
				GCC_WARN_UNINITIALIZED_AUTOS = YES_AGGRESSIVE;
				GCC_WARN_UNUSED_FUNCTION = YES;
				GCC_WARN_UNUSED_VARIABLE = YES;
				IPHONEOS_DEPLOYMENT_TARGET = 14.0;
				MTL_ENABLE_DEBUG_INFO = NO;
				MTL_FAST_MATH = YES;
				SDKROOT = iphoneos;
				SWIFT_COMPILATION_MODE = wholemodule;
				SWIFT_OPTIMIZATION_LEVEL = "-O";
				VALIDATE_PRODUCT = YES;
			};
			name = Release;
		};
		95F87BE524D2BD8B000CF583 /* Debug */ = {
			isa = XCBuildConfiguration;
			buildSettings = {
				ASSETCATALOG_COMPILER_APPICON_NAME = AppIcon;
				ASSETCATALOG_COMPILER_GLOBAL_ACCENT_COLOR_NAME = AccentColor;
				CODE_SIGN_STYLE = Automatic;
				DEVELOPMENT_ASSET_PATHS = "\"CoreConceptsCustomModifiers/Preview Content\"";
				DEVELOPMENT_TEAM = L8W86DZDY2;
				ENABLE_PREVIEWS = YES;
				INFOPLIST_FILE = CoreConceptsCustomModifiers/Info.plist;
				IPHONEOS_DEPLOYMENT_TARGET = 14.0;
				LD_RUNPATH_SEARCH_PATHS = (
					"$(inherited)",
					"@executable_path/Frameworks",
				);
				PRODUCT_BUNDLE_IDENTIFIER = com.ri.CoreConceptsCustomModifiers;
				PRODUCT_NAME = "$(TARGET_NAME)";
				SWIFT_VERSION = 5.0;
				TARGETED_DEVICE_FAMILY = "1,2";
			};
			name = Debug;
		};
		95F87BE624D2BD8B000CF583 /* Release */ = {
			isa = XCBuildConfiguration;
			buildSettings = {
				ASSETCATALOG_COMPILER_APPICON_NAME = AppIcon;
				ASSETCATALOG_COMPILER_GLOBAL_ACCENT_COLOR_NAME = AccentColor;
				CODE_SIGN_STYLE = Automatic;
				DEVELOPMENT_ASSET_PATHS = "\"CoreConceptsCustomModifiers/Preview Content\"";
				DEVELOPMENT_TEAM = L8W86DZDY2;
				ENABLE_PREVIEWS = YES;
				INFOPLIST_FILE = CoreConceptsCustomModifiers/Info.plist;
				IPHONEOS_DEPLOYMENT_TARGET = 14.0;
				LD_RUNPATH_SEARCH_PATHS = (
					"$(inherited)",
					"@executable_path/Frameworks",
				);
				PRODUCT_BUNDLE_IDENTIFIER = com.ri.CoreConceptsCustomModifiers;
				PRODUCT_NAME = "$(TARGET_NAME)";
				SWIFT_VERSION = 5.0;
				TARGETED_DEVICE_FAMILY = "1,2";
			};
			name = Release;
		};
/* End XCBuildConfiguration section */

/* Begin XCConfigurationList section */
		95F87BD024D2BD89000CF583 /* Build configuration list for PBXProject "CoreConceptsCustomModifiers" */ = {
			isa = XCConfigurationList;
			buildConfigurations = (
				95F87BE224D2BD8B000CF583 /* Debug */,
				95F87BE324D2BD8B000CF583 /* Release */,
			);
			defaultConfigurationIsVisible = 0;
			defaultConfigurationName = Release;
		};
		95F87BE424D2BD8B000CF583 /* Build configuration list for PBXNativeTarget "CoreConceptsCustomModifiers" */ = {
			isa = XCConfigurationList;
			buildConfigurations = (
				95F87BE524D2BD8B000CF583 /* Debug */,
				95F87BE624D2BD8B000CF583 /* Release */,
			);
			defaultConfigurationIsVisible = 0;
			defaultConfigurationName = Release;
		};
/* End XCConfigurationList section */

/* Begin XCRemoteSwiftPackageReference section */
		95F87BE724D2BDD8000CF583 /* XCRemoteSwiftPackageReference "pure-swift-ui" */ = {
			isa = XCRemoteSwiftPackageReference;
			repositoryURL = "https://github.com/CodeSlicing/pure-swift-ui.git";
			requirement = {
				kind = upToNextMajorVersion;
				minimumVersion = 1.15.1;
			};
		};
/* End XCRemoteSwiftPackageReference section */

/* Begin XCSwiftPackageProductDependency section */
		95F87BE824D2BDD8000CF583 /* PureSwiftUI */ = {
			isa = XCSwiftPackageProductDependency;
			package = 95F87BE724D2BDD8000CF583 /* XCRemoteSwiftPackageReference "pure-swift-ui" */;
			productName = PureSwiftUI;
		};
/* End XCSwiftPackageProductDependency section */
	};
	rootObject = 95F87BCD24D2BD89000CF583 /* Project object */;
}
